
Microsoft Visual Studio Solution File, Format Version 12.00
# Visual Studio Version 17
VisualStudioVersion = 17.13.35825.156
MinimumVisualStudioVersion = 10.0.40219.1
Project("{FAE04EC0-301F-11D3-BF4B-00C04F79EFBC}") = "KutuphaneYonetimSistemi", "KutuphaneYonetimSistemi\KutuphaneYonetimSistemi.csproj", "{59713368-183C-4C74-8418-A8E27AE9C707}"
EndProject
Global
	GlobalSection(SolutionConfigurationPlatforms) = preSolution
		Debug|Any CPU = Debug|Any CPU
		Release|Any CPU = Release|Any CPU
	EndGlobalSection
	GlobalSection(ProjectConfigurationPlatforms) = postSolution
		{59713368-183C-4C74-8418-A8E27AE9C707}.Debug|Any CPU.ActiveCfg = Debug|Any CPU
		{59713368-183C-4C74-8418-A8E27AE9C707}.Debug|Any CPU.Build.0 = Debug|Any CPU
		{59713368-183C-4C74-8418-A8E27AE9C707}.Release|Any CPU.ActiveCfg = Release|Any CPU
		{59713368-183C-4C74-8418-A8E27AE9C707}.Release|Any CPU.Build.0 = Release|Any CPU
	EndGlobalSection
	GlobalSection(SolutionProperties) = preSolution
		HideSolutionNode = FALSE
	EndGlobalSection
	GlobalSection(ExtensibilityGlobals) = postSolution
		SolutionGuid = {57E0927B-359A-4F5C-810F-32AEC14B29DB}
	EndGlobalSection
EndGlobal
